// !$*UTF8*$!
{
	archiveVersion = 1;
	classes = {
	};
	objectVersion = 46;
	objects = {

/* Begin PBXBuildFile section */
		F12288BA1B2A954400C8438E /* PinInfoCell.swift in Sources */ = {isa = PBXBuildFile; fileRef = F12288B91B2A954400C8438E /* PinInfoCell.swift */; };
		F12288BC1B2A997200C8438E /* PinToEditController.swift in Sources */ = {isa = PBXBuildFile; fileRef = F12288BB1B2A997200C8438E /* PinToEditController.swift */; };
		F158418E1B2BFC8A004C1DDE /* ImageViewController.swift in Sources */ = {isa = PBXBuildFile; fileRef = F158418D1B2BFC8A004C1DDE /* ImageViewController.swift */; };
		F16525F71B34FA630024A345 /* CoreData.framework in Frameworks */ = {isa = PBXBuildFile; fileRef = F16525F61B34FA630024A345 /* CoreData.framework */; };
		F16FCAE21B350DC600CDA9B5 /* LocationTracker.xcdatamodeld in Sources */ = {isa = PBXBuildFile; fileRef = F16FCAE01B350DC600CDA9B5 /* LocationTracker.xcdatamodeld */; };
		F16FCAEA1B35333C00CDA9B5 /* Waypoints.swift in Sources */ = {isa = PBXBuildFile; fileRef = F16FCAE91B35333C00CDA9B5 /* Waypoints.swift */; };
		F1BE99BC1B127C1F00194B1D /* AppDelegate.swift in Sources */ = {isa = PBXBuildFile; fileRef = F1BE99BB1B127C1F00194B1D /* AppDelegate.swift */; };
		F1BE99BE1B127C1F00194B1D /* ViewController.swift in Sources */ = {isa = PBXBuildFile; fileRef = F1BE99BD1B127C1F00194B1D /* ViewController.swift */; };
		F1BE99C11B127C1F00194B1D /* Main.storyboard in Resources */ = {isa = PBXBuildFile; fileRef = F1BE99BF1B127C1F00194B1D /* Main.storyboard */; };
		F1BE99C31B127C1F00194B1D /* Images.xcassets in Resources */ = {isa = PBXBuildFile; fileRef = F1BE99C21B127C1F00194B1D /* Images.xcassets */; };
		F1BE99C61B127C1F00194B1D /* LaunchScreen.xib in Resources */ = {isa = PBXBuildFile; fileRef = F1BE99C41B127C1F00194B1D /* LaunchScreen.xib */; };
		F1BE99D21B127C1F00194B1D /* LocationTrackerTests.swift in Sources */ = {isa = PBXBuildFile; fileRef = F1BE99D11B127C1F00194B1D /* LocationTrackerTests.swift */; };
		F1BE99DC1B128F5800194B1D /* MapKit.framework in Frameworks */ = {isa = PBXBuildFile; fileRef = F1BE99DB1B128F5800194B1D /* MapKit.framework */; };
		F1C2AE471B21715100D34118 /* ViewControllerDelegate.swift in Sources */ = {isa = PBXBuildFile; fileRef = F1C2AE461B21715100D34118 /* ViewControllerDelegate.swift */; };
		F1C455A71B1FD42100FDBC5B /* RequestsFramework.swift in Sources */ = {isa = PBXBuildFile; fileRef = F1C455A61B1FD42100FDBC5B /* RequestsFramework.swift */; };
		F1CADD261B1FE2D2004D6781 /* PinsController.swift in Sources */ = {isa = PBXBuildFile; fileRef = F1CADD251B1FE2D2004D6781 /* PinsController.swift */; };
		F1CADD281B1FEC56004D6781 /* Database.swift in Sources */ = {isa = PBXBuildFile; fileRef = F1CADD271B1FEC56004D6781 /* Database.swift */; };
		F1CADD2A1B1FED7B004D6781 /* Pin.swift in Sources */ = {isa = PBXBuildFile; fileRef = F1CADD291B1FED7B004D6781 /* Pin.swift */; };
		F1CADD2C1B20087B004D6781 /* PinControllerDelegate.swift in Sources */ = {isa = PBXBuildFile; fileRef = F1CADD2B1B20087B004D6781 /* PinControllerDelegate.swift */; };
		F1FCDC9B1B2A8DC800D0BE0E /* CancelButtonDelegate.swift in Sources */ = {isa = PBXBuildFile; fileRef = F1FCDC9A1B2A8DC800D0BE0E /* CancelButtonDelegate.swift */; };
/* End PBXBuildFile section */

/* Begin PBXContainerItemProxy section */
		F1BE99CC1B127C1F00194B1D /* PBXContainerItemProxy */ = {
			isa = PBXContainerItemProxy;
			containerPortal = F1BE99AE1B127C1F00194B1D /* Project object */;
			proxyType = 1;
			remoteGlobalIDString = F1BE99B51B127C1F00194B1D;
			remoteInfo = LocationTracker;
		};
/* End PBXContainerItemProxy section */

/* Begin PBXFileReference section */
		F12288B91B2A954400C8438E /* PinInfoCell.swift */ = {isa = PBXFileReference; fileEncoding = 4; lastKnownFileType = sourcecode.swift; path = PinInfoCell.swift; sourceTree = "<group>"; };
		F12288BB1B2A997200C8438E /* PinToEditController.swift */ = {isa = PBXFileReference; fileEncoding = 4; lastKnownFileType = sourcecode.swift; path = PinToEditController.swift; sourceTree = "<group>"; };
		F158418D1B2BFC8A004C1DDE /* ImageViewController.swift */ = {isa = PBXFileReference; fileEncoding = 4; lastKnownFileType = sourcecode.swift; path = ImageViewController.swift; sourceTree = "<group>"; };
		F16525F61B34FA630024A345 /* CoreData.framework */ = {isa = PBXFileReference; lastKnownFileType = wrapper.framework; name = CoreData.framework; path = System/Library/Frameworks/CoreData.framework; sourceTree = SDKROOT; };
		F16525F81B34FC4C0024A345 /* Directions.geojson */ = {isa = PBXFileReference; lastKnownFileType = text; path = Directions.geojson; sourceTree = "<group>"; };
		F16FCAE11B350DC600CDA9B5 /* LocationTracker.xcdatamodel */ = {isa = PBXFileReference; lastKnownFileType = wrapper.xcdatamodel; path = LocationTracker.xcdatamodel; sourceTree = "<group>"; };
		F16FCAE91B35333C00CDA9B5 /* Waypoints.swift */ = {isa = PBXFileReference; fileEncoding = 4; lastKnownFileType = sourcecode.swift; path = Waypoints.swift; sourceTree = "<group>"; };
		F1BE99B61B127C1F00194B1D /* LocationTracker.app */ = {isa = PBXFileReference; explicitFileType = wrapper.application; includeInIndex = 0; path = LocationTracker.app; sourceTree = BUILT_PRODUCTS_DIR; };
		F1BE99BA1B127C1F00194B1D /* Info.plist */ = {isa = PBXFileReference; lastKnownFileType = text.plist.xml; path = Info.plist; sourceTree = "<group>"; };
		F1BE99BB1B127C1F00194B1D /* AppDelegate.swift */ = {isa = PBXFileReference; lastKnownFileType = sourcecode.swift; path = AppDelegate.swift; sourceTree = "<group>"; };
		F1BE99BD1B127C1F00194B1D /* ViewController.swift */ = {isa = PBXFileReference; lastKnownFileType = sourcecode.swift; path = ViewController.swift; sourceTree = "<group>"; };
		F1BE99C01B127C1F00194B1D /* Base */ = {isa = PBXFileReference; lastKnownFileType = file.storyboard; name = Base; path = Base.lproj/Main.storyboard; sourceTree = "<group>"; };
		F1BE99C21B127C1F00194B1D /* Images.xcassets */ = {isa = PBXFileReference; lastKnownFileType = folder.assetcatalog; path = Images.xcassets; sourceTree = "<group>"; };
		F1BE99C51B127C1F00194B1D /* Base */ = {isa = PBXFileReference; lastKnownFileType = file.xib; name = Base; path = Base.lproj/LaunchScreen.xib; sourceTree = "<group>"; };
		F1BE99CB1B127C1F00194B1D /* LocationTrackerTests.xctest */ = {isa = PBXFileReference; explicitFileType = wrapper.cfbundle; includeInIndex = 0; path = LocationTrackerTests.xctest; sourceTree = BUILT_PRODUCTS_DIR; };
		F1BE99D01B127C1F00194B1D /* Info.plist */ = {isa = PBXFileReference; lastKnownFileType = text.plist.xml; path = Info.plist; sourceTree = "<group>"; };
		F1BE99D11B127C1F00194B1D /* LocationTrackerTests.swift */ = {isa = PBXFileReference; lastKnownFileType = sourcecode.swift; path = LocationTrackerTests.swift; sourceTree = "<group>"; };
		F1BE99DB1B128F5800194B1D /* MapKit.framework */ = {isa = PBXFileReference; lastKnownFileType = wrapper.framework; name = MapKit.framework; path = System/Library/Frameworks/MapKit.framework; sourceTree = SDKROOT; };
		F1C2AE461B21715100D34118 /* ViewControllerDelegate.swift */ = {isa = PBXFileReference; fileEncoding = 4; lastKnownFileType = sourcecode.swift; path = ViewControllerDelegate.swift; sourceTree = "<group>"; };
		F1C455A61B1FD42100FDBC5B /* RequestsFramework.swift */ = {isa = PBXFileReference; fileEncoding = 4; lastKnownFileType = sourcecode.swift; path = RequestsFramework.swift; sourceTree = "<group>"; };
		F1CADD251B1FE2D2004D6781 /* PinsController.swift */ = {isa = PBXFileReference; fileEncoding = 4; lastKnownFileType = sourcecode.swift; path = PinsController.swift; sourceTree = "<group>"; };
		F1CADD271B1FEC56004D6781 /* Database.swift */ = {isa = PBXFileReference; fileEncoding = 4; lastKnownFileType = sourcecode.swift; path = Database.swift; sourceTree = "<group>"; };
		F1CADD291B1FED7B004D6781 /* Pin.swift */ = {isa = PBXFileReference; fileEncoding = 4; lastKnownFileType = sourcecode.swift; path = Pin.swift; sourceTree = "<group>"; };
		F1CADD2B1B20087B004D6781 /* PinControllerDelegate.swift */ = {isa = PBXFileReference; fileEncoding = 4; lastKnownFileType = sourcecode.swift; path = PinControllerDelegate.swift; sourceTree = "<group>"; };
		F1FCDC9A1B2A8DC800D0BE0E /* CancelButtonDelegate.swift */ = {isa = PBXFileReference; fileEncoding = 4; lastKnownFileType = sourcecode.swift; path = CancelButtonDelegate.swift; sourceTree = "<group>"; };
/* End PBXFileReference section */

/* Begin PBXFrameworksBuildPhase section */
		F1BE99B31B127C1F00194B1D /* Frameworks */ = {
			isa = PBXFrameworksBuildPhase;
			buildActionMask = 2147483647;
			files = (
				F16525F71B34FA630024A345 /* CoreData.framework in Frameworks */,
				F1BE99DC1B128F5800194B1D /* MapKit.framework in Frameworks */,
			);
			runOnlyForDeploymentPostprocessing = 0;
		};
		F1BE99C81B127C1F00194B1D /* Frameworks */ = {
			isa = PBXFrameworksBuildPhase;
			buildActionMask = 2147483647;
			files = (
			);
			runOnlyForDeploymentPostprocessing = 0;
		};
/* End PBXFrameworksBuildPhase section */

/* Begin PBXGroup section */
		F1BE99AD1B127C1F00194B1D = {
			isa = PBXGroup;
			children = (
				F16FCAE91B35333C00CDA9B5 /* Waypoints.swift */,
				F16525F61B34FA630024A345 /* CoreData.framework */,
				F1BE99DB1B128F5800194B1D /* MapKit.framework */,
				F1BE99B81B127C1F00194B1D /* LocationTracker */,
				F1BE99CE1B127C1F00194B1D /* LocationTrackerTests */,
				F1BE99B71B127C1F00194B1D /* Products */,
			);
			sourceTree = "<group>";
		};
		F1BE99B71B127C1F00194B1D /* Products */ = {
			isa = PBXGroup;
			children = (
				F1BE99B61B127C1F00194B1D /* LocationTracker.app */,
				F1BE99CB1B127C1F00194B1D /* LocationTrackerTests.xctest */,
			);
			name = Products;
			sourceTree = "<group>";
		};
		F1BE99B81B127C1F00194B1D /* LocationTracker */ = {
			isa = PBXGroup;
			children = (
				F1BE99BB1B127C1F00194B1D /* AppDelegate.swift */,
				F1BE99BD1B127C1F00194B1D /* ViewController.swift */,
				F158418D1B2BFC8A004C1DDE /* ImageViewController.swift */,
				F12288BB1B2A997200C8438E /* PinToEditController.swift */,
				F1CADD251B1FE2D2004D6781 /* PinsController.swift */,
				F1CADD2B1B20087B004D6781 /* PinControllerDelegate.swift */,
				F1C2AE461B21715100D34118 /* ViewControllerDelegate.swift */,
				F1FCDC9A1B2A8DC800D0BE0E /* CancelButtonDelegate.swift */,
				F1CADD291B1FED7B004D6781 /* Pin.swift */,
				F12288B91B2A954400C8438E /* PinInfoCell.swift */,
				F1CADD271B1FEC56004D6781 /* Database.swift */,
				F1BE99BF1B127C1F00194B1D /* Main.storyboard */,
				F1BE99C21B127C1F00194B1D /* Images.xcassets */,
				F1BE99C41B127C1F00194B1D /* LaunchScreen.xib */,
				F1C455A61B1FD42100FDBC5B /* RequestsFramework.swift */,
				F1BE99B91B127C1F00194B1D /* Supporting Files */,
				F16525F81B34FC4C0024A345 /* Directions.geojson */,
				F16FCAE01B350DC600CDA9B5 /* LocationTracker.xcdatamodeld */,
			);
			path = LocationTracker;
			sourceTree = "<group>";
		};
		F1BE99B91B127C1F00194B1D /* Supporting Files */ = {
			isa = PBXGroup;
			children = (
				F1BE99BA1B127C1F00194B1D /* Info.plist */,
			);
			name = "Supporting Files";
			sourceTree = "<group>";
		};
		F1BE99CE1B127C1F00194B1D /* LocationTrackerTests */ = {
			isa = PBXGroup;
			children = (
				F1BE99D11B127C1F00194B1D /* LocationTrackerTests.swift */,
				F1BE99CF1B127C1F00194B1D /* Supporting Files */,
			);
			path = LocationTrackerTests;
			sourceTree = "<group>";
		};
		F1BE99CF1B127C1F00194B1D /* Supporting Files */ = {
			isa = PBXGroup;
			children = (
				F1BE99D01B127C1F00194B1D /* Info.plist */,
			);
			name = "Supporting Files";
			sourceTree = "<group>";
		};
/* End PBXGroup section */

/* Begin PBXNativeTarget section */
		F1BE99B51B127C1F00194B1D /* LocationTracker */ = {
			isa = PBXNativeTarget;
			buildConfigurationList = F1BE99D51B127C1F00194B1D /* Build configuration list for PBXNativeTarget "LocationTracker" */;
			buildPhases = (
				F1BE99B21B127C1F00194B1D /* Sources */,
				F1BE99B31B127C1F00194B1D /* Frameworks */,
				F1BE99B41B127C1F00194B1D /* Resources */,
			);
			buildRules = (
			);
			dependencies = (
			);
			name = LocationTracker;
			productName = LocationTracker;
			productReference = F1BE99B61B127C1F00194B1D /* LocationTracker.app */;
			productType = "com.apple.product-type.application";
		};
		F1BE99CA1B127C1F00194B1D /* LocationTrackerTests */ = {
			isa = PBXNativeTarget;
			buildConfigurationList = F1BE99D81B127C1F00194B1D /* Build configuration list for PBXNativeTarget "LocationTrackerTests" */;
			buildPhases = (
				F1BE99C71B127C1F00194B1D /* Sources */,
				F1BE99C81B127C1F00194B1D /* Frameworks */,
				F1BE99C91B127C1F00194B1D /* Resources */,
			);
			buildRules = (
			);
			dependencies = (
				F1BE99CD1B127C1F00194B1D /* PBXTargetDependency */,
			);
			name = LocationTrackerTests;
			productName = LocationTrackerTests;
			productReference = F1BE99CB1B127C1F00194B1D /* LocationTrackerTests.xctest */;
			productType = "com.apple.product-type.bundle.unit-test";
		};
/* End PBXNativeTarget section */

/* Begin PBXProject section */
		F1BE99AE1B127C1F00194B1D /* Project object */ = {
			isa = PBXProject;
			attributes = {
				LastUpgradeCheck = 0630;
				ORGANIZATIONNAME = uyanga;
				TargetAttributes = {
					F1BE99B51B127C1F00194B1D = {
						CreatedOnToolsVersion = 6.3;
					};
					F1BE99CA1B127C1F00194B1D = {
						CreatedOnToolsVersion = 6.3;
						TestTargetID = F1BE99B51B127C1F00194B1D;
					};
				};
			};
			buildConfigurationList = F1BE99B11B127C1F00194B1D /* Build configuration list for PBXProject "LocationTracker" */;
			compatibilityVersion = "Xcode 3.2";
			developmentRegion = English;
			hasScannedForEncodings = 0;
			knownRegions = (
				en,
				Base,
			);
			mainGroup = F1BE99AD1B127C1F00194B1D;
			productRefGroup = F1BE99B71B127C1F00194B1D /* Products */;
			projectDirPath = "";
			projectRoot = "";
			targets = (
				F1BE99B51B127C1F00194B1D /* LocationTracker */,
				F1BE99CA1B127C1F00194B1D /* LocationTrackerTests */,
			);
		};
/* End PBXProject section */

/* Begin PBXResourcesBuildPhase section */
		F1BE99B41B127C1F00194B1D /* Resources */ = {
			isa = PBXResourcesBuildPhase;
			buildActionMask = 2147483647;
			files = (
				F1BE99C11B127C1F00194B1D /* Main.storyboard in Resources */,
				F1BE99C61B127C1F00194B1D /* LaunchScreen.xib in Resources */,
				F1BE99C31B127C1F00194B1D /* Images.xcassets in Resources */,
			);
			runOnlyForDeploymentPostprocessing = 0;
		};
		F1BE99C91B127C1F00194B1D /* Resources */ = {
			isa = PBXResourcesBuildPhase;
			buildActionMask = 2147483647;
			files = (
			);
			runOnlyForDeploymentPostprocessing = 0;
		};
/* End PBXResourcesBuildPhase section */

/* Begin PBXSourcesBuildPhase section */
		F1BE99B21B127C1F00194B1D /* Sources */ = {
			isa = PBXSourcesBuildPhase;
			buildActionMask = 2147483647;
			files = (
				F16FCAE21B350DC600CDA9B5 /* LocationTracker.xcdatamodeld in Sources */,
				F1CADD2A1B1FED7B004D6781 /* Pin.swift in Sources */,
				F12288BA1B2A954400C8438E /* PinInfoCell.swift in Sources */,
				F1C2AE471B21715100D34118 /* ViewControllerDelegate.swift in Sources */,
				F1CADD281B1FEC56004D6781 /* Database.swift in Sources */,
				F12288BC1B2A997200C8438E /* PinToEditController.swift in Sources */,
				F1CADD261B1FE2D2004D6781 /* PinsController.swift in Sources */,
				F158418E1B2BFC8A004C1DDE /* ImageViewController.swift in Sources */,
				F1CADD2C1B20087B004D6781 /* PinControllerDelegate.swift in Sources */,
				F1C455A71B1FD42100FDBC5B /* RequestsFramework.swift in Sources */,
				F1BE99BE1B127C1F00194B1D /* ViewController.swift in Sources */,
				F1BE99BC1B127C1F00194B1D /* AppDelegate.swift in Sources */,
				F16FCAEA1B35333C00CDA9B5 /* Waypoints.swift in Sources */,
				F1FCDC9B1B2A8DC800D0BE0E /* CancelButtonDelegate.swift in Sources */,
			);
			runOnlyForDeploymentPostprocessing = 0;
		};
		F1BE99C71B127C1F00194B1D /* Sources */ = {
			isa = PBXSourcesBuildPhase;
			buildActionMask = 2147483647;
			files = (
				F1BE99D21B127C1F00194B1D /* LocationTrackerTests.swift in Sources */,
			);
			runOnlyForDeploymentPostprocessing = 0;
		};
/* End PBXSourcesBuildPhase section */

/* Begin PBXTargetDependency section */
		F1BE99CD1B127C1F00194B1D /* PBXTargetDependency */ = {
			isa = PBXTargetDependency;
			target = F1BE99B51B127C1F00194B1D /* LocationTracker */;
			targetProxy = F1BE99CC1B127C1F00194B1D /* PBXContainerItemProxy */;
		};
/* End PBXTargetDependency section */

/* Begin PBXVariantGroup section */
		F1BE99BF1B127C1F00194B1D /* Main.storyboard */ = {
			isa = PBXVariantGroup;
			children = (
				F1BE99C01B127C1F00194B1D /* Base */,
			);
			name = Main.storyboard;
			sourceTree = "<group>";
		};
		F1BE99C41B127C1F00194B1D /* LaunchScreen.xib */ = {
			isa = PBXVariantGroup;
			children = (
				F1BE99C51B127C1F00194B1D /* Base */,
			);
			name = LaunchScreen.xib;
			sourceTree = "<group>";
		};
/* End PBXVariantGroup section */

/* Begin XCBuildConfiguration section */
		F1BE99D31B127C1F00194B1D /* Debug */ = {
			isa = XCBuildConfiguration;
			buildSettings = {
				ALWAYS_SEARCH_USER_PATHS = NO;
				CLANG_CXX_LANGUAGE_STANDARD = "gnu++0x";
				CLANG_CXX_LIBRARY = "libc++";
				CLANG_ENABLE_MODULES = YES;
				CLANG_ENABLE_OBJC_ARC = YES;
				CLANG_WARN_BOOL_CONVERSION = YES;
				CLANG_WARN_CONSTANT_CONVERSION = YES;
				CLANG_WARN_DIRECT_OBJC_ISA_USAGE = YES_ERROR;
				CLANG_WARN_EMPTY_BODY = YES;
				CLANG_WARN_ENUM_CONVERSION = YES;
				CLANG_WARN_INT_CONVERSION = YES;
				CLANG_WARN_OBJC_ROOT_CLASS = YES_ERROR;
				CLANG_WARN_UNREACHABLE_CODE = YES;
				CLANG_WARN__DUPLICATE_METHOD_MATCH = YES;
				"CODE_SIGN_IDENTITY[sdk=iphoneos*]" = "iPhone Developer";
				COPY_PHASE_STRIP = NO;
				DEBUG_INFORMATION_FORMAT = "dwarf-with-dsym";
				ENABLE_STRICT_OBJC_MSGSEND = YES;
				GCC_C_LANGUAGE_STANDARD = gnu99;
				GCC_DYNAMIC_NO_PIC = NO;
				GCC_NO_COMMON_BLOCKS = YES;
				GCC_OPTIMIZATION_LEVEL = 0;
				GCC_PREPROCESSOR_DEFINITIONS = (
					"DEBUG=1",
					"$(inherited)",
				);
				GCC_SYMBOLS_PRIVATE_EXTERN = NO;
				GCC_WARN_64_TO_32_BIT_CONVERSION = YES;
				GCC_WARN_ABOUT_RETURN_TYPE = YES_ERROR;
				GCC_WARN_UNDECLARED_SELECTOR = YES;
				GCC_WARN_UNINITIALIZED_AUTOS = YES_AGGRESSIVE;
				GCC_WARN_UNUSED_FUNCTION = YES;
				GCC_WARN_UNUSED_VARIABLE = YES;
				IPHONEOS_DEPLOYMENT_TARGET = 8.3;
				MTL_ENABLE_DEBUG_INFO = YES;
				ONLY_ACTIVE_ARCH = YES;
				SDKROOT = iphoneos;
				SWIFT_OPTIMIZATION_LEVEL = "-Onone";
			};
			name = Debug;
		};
		F1BE99D41B127C1F00194B1D /* Release */ = {
			isa = XCBuildConfiguration;
			buildSettings = {
				ALWAYS_SEARCH_USER_PATHS = NO;
				CLANG_CXX_LANGUAGE_STANDARD = "gnu++0x";
				CLANG_CXX_LIBRARY = "libc++";
				CLANG_ENABLE_MODULES = YES;
				CLANG_ENABLE_OBJC_ARC = YES;
				CLANG_WARN_BOOL_CONVERSION = YES;
				CLANG_WARN_CONSTANT_CONVERSION = YES;
				CLANG_WARN_DIRECT_OBJC_ISA_USAGE = YES_ERROR;
				CLANG_WARN_EMPTY_BODY = YES;
				CLANG_WARN_ENUM_CONVERSION = YES;
				CLANG_WARN_INT_CONVERSION = YES;
				CLANG_WARN_OBJC_ROOT_CLASS = YES_ERROR;
				CLANG_WARN_UNREACHABLE_CODE = YES;
				CLANG_WARN__DUPLICATE_METHOD_MATCH = YES;
				"CODE_SIGN_IDENTITY[sdk=iphoneos*]" = "iPhone Developer";
				COPY_PHASE_STRIP = NO;
				DEBUG_INFORMATION_FORMAT = "dwarf-with-dsym";
				ENABLE_NS_ASSERTIONS = NO;
				ENABLE_STRICT_OBJC_MSGSEND = YES;
				GCC_C_LANGUAGE_STANDARD = gnu99;
				GCC_NO_COMMON_BLOCKS = YES;
				GCC_WARN_64_TO_32_BIT_CONVERSION = YES;
				GCC_WARN_ABOUT_RETURN_TYPE = YES_ERROR;
				GCC_WARN_UNDECLARED_SELECTOR = YES;
				GCC_WARN_UNINITIALIZED_AUTOS = YES_AGGRESSIVE;
				GCC_WARN_UNUSED_FUNCTION = YES;
				GCC_WARN_UNUSED_VARIABLE = YES;
				IPHONEOS_DEPLOYMENT_TARGET = 8.3;
				MTL_ENABLE_DEBUG_INFO = NO;
				SDKROOT = iphoneos;
				VALIDATE_PRODUCT = YES;
			};
			name = Release;
		};
		F1BE99D61B127C1F00194B1D /* Debug */ = {
			isa = XCBuildConfiguration;
			buildSettings = {
				ASSETCATALOG_COMPILER_APPICON_NAME = AppIcon;
				INFOPLIST_FILE = LocationTracker/Info.plist;
				LD_RUNPATH_SEARCH_PATHS = "$(inherited) @executable_path/Frameworks";
				PRODUCT_NAME = "$(TARGET_NAME)";
			};
			name = Debug;
		};
		F1BE99D71B127C1F00194B1D /* Release */ = {
			isa = XCBuildConfiguration;
			buildSettings = {
				ASSETCATALOG_COMPILER_APPICON_NAME = AppIcon;
				INFOPLIST_FILE = LocationTracker/Info.plist;
				LD_RUNPATH_SEARCH_PATHS = "$(inherited) @executable_path/Frameworks";
				PRODUCT_NAME = "$(TARGET_NAME)";
			};
			name = Release;
		};
		F1BE99D91B127C1F00194B1D /* Debug */ = {
			isa = XCBuildConfiguration;
			buildSettings = {
				BUNDLE_LOADER = "$(TEST_HOST)";
				FRAMEWORK_SEARCH_PATHS = (
					"$(SDKROOT)/Developer/Library/Frameworks",
					"$(inherited)",
				);
				GCC_PREPROCESSOR_DEFINITIONS = (
					"DEBUG=1",
					"$(inherited)",
				);
				INFOPLIST_FILE = LocationTrackerTests/Info.plist;
				LD_RUNPATH_SEARCH_PATHS = "$(inherited) @executable_path/Frameworks @loader_path/Frameworks";
				PRODUCT_NAME = "$(TARGET_NAME)";
				TEST_HOST = "$(BUILT_PRODUCTS_DIR)/LocationTracker.app/LocationTracker";
			};
			name = Debug;
		};
		F1BE99DA1B127C1F00194B1D /* Release */ = {
			isa = XCBuildConfiguration;
			buildSettings = {
				BUNDLE_LOADER = "$(TEST_HOST)";
				FRAMEWORK_SEARCH_PATHS = (
					"$(SDKROOT)/Developer/Library/Frameworks",
					"$(inherited)",
				);
				INFOPLIST_FILE = LocationTrackerTests/Info.plist;
				LD_RUNPATH_SEARCH_PATHS = "$(inherited) @executable_path/Frameworks @loader_path/Frameworks";
				PRODUCT_NAME = "$(TARGET_NAME)";
				TEST_HOST = "$(BUILT_PRODUCTS_DIR)/LocationTracker.app/LocationTracker";
			};
			name = Release;
		};
/* End XCBuildConfiguration section */

/* Begin XCConfigurationList section */
		F1BE99B11B127C1F00194B1D /* Build configuration list for PBXProject "LocationTracker" */ = {
			isa = XCConfigurationList;
			buildConfigurations = (
				F1BE99D31B127C1F00194B1D /* Debug */,
				F1BE99D41B127C1F00194B1D /* Release */,
			);
			defaultConfigurationIsVisible = 0;
			defaultConfigurationName = Release;
		};
		F1BE99D51B127C1F00194B1D /* Build configuration list for PBXNativeTarget "LocationTracker" */ = {
			isa = XCConfigurationList;
			buildConfigurations = (
				F1BE99D61B127C1F00194B1D /* Debug */,
				F1BE99D71B127C1F00194B1D /* Release */,
			);
			defaultConfigurationIsVisible = 0;
			defaultConfigurationName = Release;
		};
		F1BE99D81B127C1F00194B1D /* Build configuration list for PBXNativeTarget "LocationTrackerTests" */ = {
			isa = XCConfigurationList;
			buildConfigurations = (
				F1BE99D91B127C1F00194B1D /* Debug */,
				F1BE99DA1B127C1F00194B1D /* Release */,
			);
			defaultConfigurationIsVisible = 0;
			defaultConfigurationName = Release;
		};
/* End XCConfigurationList section */

/* Begin XCVersionGroup section */
		F16FCAE01B350DC600CDA9B5 /* LocationTracker.xcdatamodeld */ = {
			isa = XCVersionGroup;
			children = (
				F16FCAE11B350DC600CDA9B5 /* LocationTracker.xcdatamodel */,
			);
			currentVersion = F16FCAE11B350DC600CDA9B5 /* LocationTracker.xcdatamodel */;
			path = LocationTracker.xcdatamodeld;
			sourceTree = "<group>";
			versionGroupType = wrapper.xcdatamodel;
		};
/* End XCVersionGroup section */
	};
	rootObject = F1BE99AE1B127C1F00194B1D /* Project object */;
}
